
Microsoft Visual Studio Solution File, Format Version 12.00
# Visual Studio Version 17
VisualStudioVersion = 17.8.34316.72
MinimumVisualStudioVersion = 10.0.40219.1
Project("{FAE04EC0-301F-11D3-BF4B-00C04F79EFBC}") = "AdentOfCode", "AdentOfCode\AdentOfCode.csproj", "{339CE10B-BB64-439D-BE3B-4653E1CE3349}"
EndProject
Project("{FAE04EC0-301F-11D3-BF4B-00C04F79EFBC}") = "AdventOfCode.Tests", "AdventOfCode.Tests\AdventOfCode.Tests.csproj", "{F3B05122-1494-4099-A8CD-AB953A91331F}"
EndProject
Global
	GlobalSection(SolutionConfigurationPlatforms) = preSolution
		Debug|Any CPU = Debug|Any CPU
		Release|Any CPU = Release|Any CPU
	EndGlobalSection
	GlobalSection(ProjectConfigurationPlatforms) = postSolution
		{339CE10B-BB64-439D-BE3B-4653E1CE3349}.Debug|Any CPU.ActiveCfg = Debug|Any CPU
		{339CE10B-BB64-439D-BE3B-4653E1CE3349}.Debug|Any CPU.Build.0 = Debug|Any CPU
		{339CE10B-BB64-439D-BE3B-4653E1CE3349}.Release|Any CPU.ActiveCfg = Release|Any CPU
		{339CE10B-BB64-439D-BE3B-4653E1CE3349}.Release|Any CPU.Build.0 = Release|Any CPU
		{F3B05122-1494-4099-A8CD-AB953A91331F}.Debug|Any CPU.ActiveCfg = Debug|Any CPU
		{F3B05122-1494-4099-A8CD-AB953A91331F}.Debug|Any CPU.Build.0 = Debug|Any CPU
		{F3B05122-1494-4099-A8CD-AB953A91331F}.Release|Any CPU.ActiveCfg = Release|Any CPU
		{F3B05122-1494-4099-A8CD-AB953A91331F}.Release|Any CPU.Build.0 = Release|Any CPU
	EndGlobalSection
	GlobalSection(SolutionProperties) = preSolution
		HideSolutionNode = FALSE
	EndGlobalSection
	GlobalSection(ExtensibilityGlobals) = postSolution
		SolutionGuid = {58D07B89-C1D1-4BBE-8F72-965BB929EC0E}
	EndGlobalSection
EndGlobal
